
Microsoft Visual Studio Solution File, Format Version 12.00
# Visual Studio Version 17
VisualStudioVersion = 17.10.34825.169
MinimumVisualStudioVersion = 10.0.40219.1
Project("{8BC9CEB8-8B4A-11D0-8D11-00A0C91BC942}") = "gravballproij", "gravballproij.vcxproj", "{09407670-EA3D-4957-94CB-B20C3994F829}"
EndProject
Global
	GlobalSection(SolutionConfigurationPlatforms) = preSolution
		Debug|x64 = Debug|x64
		Debug|x86 = Debug|x86
		Release|x64 = Release|x64
		Release|x86 = Release|x86
	EndGlobalSection
	GlobalSection(ProjectConfigurationPlatforms) = postSolution
		{09407670-EA3D-4957-94CB-B20C3994F829}.Debug|x64.ActiveCfg = Debug|x64
		{09407670-EA3D-4957-94CB-B20C3994F829}.Debug|x64.Build.0 = Debug|x64
		{09407670-EA3D-4957-94CB-B20C3994F829}.Debug|x86.ActiveCfg = Debug|Win32
		{09407670-EA3D-4957-94CB-B20C3994F829}.Debug|x86.Build.0 = Debug|Win32
		{09407670-EA3D-4957-94CB-B20C3994F829}.Release|x64.ActiveCfg = Release|x64
		{09407670-EA3D-4957-94CB-B20C3994F829}.Release|x64.Build.0 = Release|x64
		{09407670-EA3D-4957-94CB-B20C3994F829}.Release|x86.ActiveCfg = Release|Win32
		{09407670-EA3D-4957-94CB-B20C3994F829}.Release|x86.Build.0 = Release|Win32
	EndGlobalSection
	GlobalSection(SolutionProperties) = preSolution
		HideSolutionNode = FALSE
	EndGlobalSection
	GlobalSection(ExtensibilityGlobals) = postSolution
		SolutionGuid = {A74A167B-1DE9-41C1-A5DD-07E898CEA5C4}
	EndGlobalSection
EndGlobal
